
Microsoft Visual Studio Solution File, Format Version 12.00
# Visual Studio Version 17
VisualStudioVersion = 17.9.34728.123
MinimumVisualStudioVersion = 10.0.40219.1
Project("{FAE04EC0-301F-11D3-BF4B-00C04F79EFBC}") = "RtanTextGame", "RtanTextGame\RtanTextGame.csproj", "{4C2ADB68-1BF3-406A-8BB9-1B7C3E725AC7}"
EndProject
Global
	GlobalSection(SolutionConfigurationPlatforms) = preSolution
		Debug|Any CPU = Debug|Any CPU
		Release|Any CPU = Release|Any CPU
	EndGlobalSection
	GlobalSection(ProjectConfigurationPlatforms) = postSolution
		{4C2ADB68-1BF3-406A-8BB9-1B7C3E725AC7}.Debug|Any CPU.ActiveCfg = Debug|Any CPU
		{4C2ADB68-1BF3-406A-8BB9-1B7C3E725AC7}.Debug|Any CPU.Build.0 = Debug|Any CPU
		{4C2ADB68-1BF3-406A-8BB9-1B7C3E725AC7}.Release|Any CPU.ActiveCfg = Release|Any CPU
		{4C2ADB68-1BF3-406A-8BB9-1B7C3E725AC7}.Release|Any CPU.Build.0 = Release|Any CPU
	EndGlobalSection
	GlobalSection(SolutionProperties) = preSolution
		HideSolutionNode = FALSE
	EndGlobalSection
	GlobalSection(ExtensibilityGlobals) = postSolution
		SolutionGuid = {E323564A-024B-440C-9581-F0FE6AEA3638}
	EndGlobalSection
EndGlobal
